
Microsoft Visual Studio Solution File, Format Version 12.00
# Visual Studio Version 16
VisualStudioVersion = 16.0.810.4
MinimumVisualStudioVersion = 10.0.40219.1
Project("{FAE04EC0-301F-11D3-BF4B-00C04F79EFBC}") = "pr1", "pr1\pr1.csproj", "{A67A8C32-44B6-4228-B33F-E7204C60B363}"
EndProject
Global
	GlobalSection(SolutionConfigurationPlatforms) = preSolution
		Debug|anycpu = Debug|anycpu
		Release|anycpu = Release|anycpu
	EndGlobalSection
	GlobalSection(ProjectConfigurationPlatforms) = postSolution
		{A67A8C32-44B6-4228-B33F-E7204C60B363}.Debug|anycpu.ActiveCfg = Debug|anycpu
		{A67A8C32-44B6-4228-B33F-E7204C60B363}.Debug|anycpu.Build.0 = Debug|anycpu
		{A67A8C32-44B6-4228-B33F-E7204C60B363}.Release|anycpu.ActiveCfg = Release|anycpu
		{A67A8C32-44B6-4228-B33F-E7204C60B363}.Release|anycpu.Build.0 = Release|anycpu
	EndGlobalSection
	GlobalSection(SolutionProperties) = preSolution
		HideSolutionNode = FALSE
	EndGlobalSection
	GlobalSection(ExtensibilityGlobals) = postSolution
		SolutionGuid = {86436556-014E-4475-9538-8450CB3CDB74}
	EndGlobalSection
EndGlobal
